// !$*UTF8*$!
{
	archiveVersion = 1;
	classes = {
	};
	objectVersion = 50;
	objects = {

/* Begin PBXBuildFile section */
		D804B75426054D4900223736 /* AppDelegate.swift in Sources */ = {isa = PBXBuildFile; fileRef = D804B75326054D4900223736 /* AppDelegate.swift */; };
		D804B75A26054D8400223736 /* Assets.xcassets in Resources */ = {isa = PBXBuildFile; fileRef = D804B75926054D8400223736 /* Assets.xcassets */; };
		D804B75D26054D8500223736 /* Preview Assets.xcassets in Resources */ = {isa = PBXBuildFile; fileRef = D804B75C26054D8500223736 /* Preview Assets.xcassets */; };
		D804B76026054D8500223736 /* LaunchScreen.storyboard in Resources */ = {isa = PBXBuildFile; fileRef = D804B75E26054D8500223736 /* LaunchScreen.storyboard */; };
		D804B76826055B3200223736 /* WebViewController.swift in Sources */ = {isa = PBXBuildFile; fileRef = D804B76726055B3200223736 /* WebViewController.swift */; };
		D804B76F26056AF700223736 /* WebViewController.storyboard in Resources */ = {isa = PBXBuildFile; fileRef = D804B76E26056AF700223736 /* WebViewController.storyboard */; };
		D88C2FF72606C10C00E815CA /* GCDWebServerResponse.m in Sources */ = {isa = PBXBuildFile; fileRef = D88C2FDB2606C10C00E815CA /* GCDWebServerResponse.m */; };
		D88C2FF82606C10C00E815CA /* GCDWebServerRequest.m in Sources */ = {isa = PBXBuildFile; fileRef = D88C2FDE2606C10C00E815CA /* GCDWebServerRequest.m */; };
		D88C2FF92606C10C00E815CA /* GCDWebServerFunctions.m in Sources */ = {isa = PBXBuildFile; fileRef = D88C2FE12606C10C00E815CA /* GCDWebServerFunctions.m */; };
		D88C2FFA2606C10C00E815CA /* GCDWebServer.m in Sources */ = {isa = PBXBuildFile; fileRef = D88C2FE22606C10C00E815CA /* GCDWebServer.m */; };
		D88C2FFB2606C10C00E815CA /* GCDWebServerConnection.m in Sources */ = {isa = PBXBuildFile; fileRef = D88C2FE32606C10C00E815CA /* GCDWebServerConnection.m */; };
		D88C2FFC2606C10C00E815CA /* GCDWebServerErrorResponse.m in Sources */ = {isa = PBXBuildFile; fileRef = D88C2FE82606C10C00E815CA /* GCDWebServerErrorResponse.m */; };
		D88C2FFD2606C10C00E815CA /* GCDWebServerFileResponse.m in Sources */ = {isa = PBXBuildFile; fileRef = D88C2FEA2606C10C00E815CA /* GCDWebServerFileResponse.m */; };
		D88C2FFE2606C10C00E815CA /* GCDWebServerDataResponse.m in Sources */ = {isa = PBXBuildFile; fileRef = D88C2FEB2606C10C00E815CA /* GCDWebServerDataResponse.m */; };
		D88C2FFF2606C10C00E815CA /* GCDWebServerStreamedResponse.m in Sources */ = {isa = PBXBuildFile; fileRef = D88C2FED2606C10C00E815CA /* GCDWebServerStreamedResponse.m */; };
		D88C30002606C10C00E815CA /* GCDWebServerURLEncodedFormRequest.m in Sources */ = {isa = PBXBuildFile; fileRef = D88C2FF22606C10C00E815CA /* GCDWebServerURLEncodedFormRequest.m */; };
		D88C30012606C10C00E815CA /* GCDWebServerMultiPartFormRequest.m in Sources */ = {isa = PBXBuildFile; fileRef = D88C2FF32606C10C00E815CA /* GCDWebServerMultiPartFormRequest.m */; };
		D88C30022606C10C00E815CA /* GCDWebServerDataRequest.m in Sources */ = {isa = PBXBuildFile; fileRef = D88C2FF42606C10C00E815CA /* GCDWebServerDataRequest.m */; };
		D88C30032606C10C00E815CA /* GCDWebServerFileRequest.m in Sources */ = {isa = PBXBuildFile; fileRef = D88C2FF52606C10C00E815CA /* GCDWebServerFileRequest.m */; };
		D88C30042606C44900E815CA /* Web in Resources */ = {isa = PBXBuildFile; fileRef = D88C2FD52606A26200E815CA /* Web */; };
		D88C30062607ED6900E815CA /* CorsProxy.swift in Sources */ = {isa = PBXBuildFile; fileRef = D88C30052607ED6900E815CA /* CorsProxy.swift */; };
/* End PBXBuildFile section */

/* Begin PBXFileReference section */
		D804B75026054D4900223736 /* CookiePrimer.app */ = {isa = PBXFileReference; explicitFileType = wrapper.application; includeInIndex = 0; path = CookiePrimer.app; sourceTree = BUILT_PRODUCTS_DIR; };
		D804B75326054D4900223736 /* AppDelegate.swift */ = {isa = PBXFileReference; lastKnownFileType = sourcecode.swift; path = AppDelegate.swift; sourceTree = "<group>"; };
		D804B75926054D8400223736 /* Assets.xcassets */ = {isa = PBXFileReference; lastKnownFileType = folder.assetcatalog; path = Assets.xcassets; sourceTree = "<group>"; };
		D804B75C26054D8500223736 /* Preview Assets.xcassets */ = {isa = PBXFileReference; lastKnownFileType = folder.assetcatalog; path = "Preview Assets.xcassets"; sourceTree = "<group>"; };
		D804B75F26054D8500223736 /* Base */ = {isa = PBXFileReference; lastKnownFileType = file.storyboard; name = Base; path = Base.lproj/LaunchScreen.storyboard; sourceTree = "<group>"; };
		D804B76126054D8500223736 /* Info.plist */ = {isa = PBXFileReference; lastKnownFileType = text.plist.xml; path = Info.plist; sourceTree = "<group>"; };
		D804B76726055B3200223736 /* WebViewController.swift */ = {isa = PBXFileReference; lastKnownFileType = sourcecode.swift; path = WebViewController.swift; sourceTree = "<group>"; };
		D804B76E26056AF700223736 /* WebViewController.storyboard */ = {isa = PBXFileReference; lastKnownFileType = file.storyboard; path = WebViewController.storyboard; sourceTree = "<group>"; };
		D88C2FC22606954400E815CA /* GCDWebServer */ = {isa = PBXFileReference; lastKnownFileType = folder; name = GCDWebServer; path = CookiePrimer/GCDWebServer; sourceTree = "<group>"; };
		D88C2FCA26069EF700E815CA /* CookiePrimer-Bridging-Header.h */ = {isa = PBXFileReference; lastKnownFileType = sourcecode.c.h; path = "CookiePrimer-Bridging-Header.h"; sourceTree = "<group>"; };
		D88C2FD52606A26200E815CA /* Web */ = {isa = PBXFileReference; lastKnownFileType = folder; path = Web; sourceTree = "<group>"; };
		D88C2FD92606C10C00E815CA /* GCDWebServerFunctions.h */ = {isa = PBXFileReference; fileEncoding = 4; lastKnownFileType = sourcecode.c.h; path = GCDWebServerFunctions.h; sourceTree = "<group>"; };
		D88C2FDA2606C10C00E815CA /* GCDWebServerPrivate.h */ = {isa = PBXFileReference; fileEncoding = 4; lastKnownFileType = sourcecode.c.h; path = GCDWebServerPrivate.h; sourceTree = "<group>"; };
		D88C2FDB2606C10C00E815CA /* GCDWebServerResponse.m */ = {isa = PBXFileReference; fileEncoding = 4; lastKnownFileType = sourcecode.c.objc; path = GCDWebServerResponse.m; sourceTree = "<group>"; };
		D88C2FDC2606C10C00E815CA /* GCDWebServerConnection.h */ = {isa = PBXFileReference; fileEncoding = 4; lastKnownFileType = sourcecode.c.h; path = GCDWebServerConnection.h; sourceTree = "<group>"; };
		D88C2FDD2606C10C00E815CA /* GCDWebServer.h */ = {isa = PBXFileReference; fileEncoding = 4; lastKnownFileType = sourcecode.c.h; path = GCDWebServer.h; sourceTree = "<group>"; };
		D88C2FDE2606C10C00E815CA /* GCDWebServerRequest.m */ = {isa = PBXFileReference; fileEncoding = 4; lastKnownFileType = sourcecode.c.objc; path = GCDWebServerRequest.m; sourceTree = "<group>"; };
		D88C2FDF2606C10C00E815CA /* GCDWebServerHTTPStatusCodes.h */ = {isa = PBXFileReference; fileEncoding = 4; lastKnownFileType = sourcecode.c.h; path = GCDWebServerHTTPStatusCodes.h; sourceTree = "<group>"; };
		D88C2FE02606C10C00E815CA /* GCDWebServerResponse.h */ = {isa = PBXFileReference; fileEncoding = 4; lastKnownFileType = sourcecode.c.h; path = GCDWebServerResponse.h; sourceTree = "<group>"; };
		D88C2FE12606C10C00E815CA /* GCDWebServerFunctions.m */ = {isa = PBXFileReference; fileEncoding = 4; lastKnownFileType = sourcecode.c.objc; path = GCDWebServerFunctions.m; sourceTree = "<group>"; };
		D88C2FE22606C10C00E815CA /* GCDWebServer.m */ = {isa = PBXFileReference; fileEncoding = 4; lastKnownFileType = sourcecode.c.objc; path = GCDWebServer.m; sourceTree = "<group>"; };
		D88C2FE32606C10C00E815CA /* GCDWebServerConnection.m */ = {isa = PBXFileReference; fileEncoding = 4; lastKnownFileType = sourcecode.c.objc; path = GCDWebServerConnection.m; sourceTree = "<group>"; };
		D88C2FE42606C10C00E815CA /* GCDWebServerRequest.h */ = {isa = PBXFileReference; fileEncoding = 4; lastKnownFileType = sourcecode.c.h; path = GCDWebServerRequest.h; sourceTree = "<group>"; };
		D88C2FE62606C10C00E815CA /* GCDWebServerFileResponse.h */ = {isa = PBXFileReference; fileEncoding = 4; lastKnownFileType = sourcecode.c.h; path = GCDWebServerFileResponse.h; sourceTree = "<group>"; };
		D88C2FE72606C10C00E815CA /* GCDWebServerStreamedResponse.h */ = {isa = PBXFileReference; fileEncoding = 4; lastKnownFileType = sourcecode.c.h; path = GCDWebServerStreamedResponse.h; sourceTree = "<group>"; };
		D88C2FE82606C10C00E815CA /* GCDWebServerErrorResponse.m */ = {isa = PBXFileReference; fileEncoding = 4; lastKnownFileType = sourcecode.c.objc; path = GCDWebServerErrorResponse.m; sourceTree = "<group>"; };
		D88C2FE92606C10C00E815CA /* GCDWebServerDataResponse.h */ = {isa = PBXFileReference; fileEncoding = 4; lastKnownFileType = sourcecode.c.h; path = GCDWebServerDataResponse.h; sourceTree = "<group>"; };
		D88C2FEA2606C10C00E815CA /* GCDWebServerFileResponse.m */ = {isa = PBXFileReference; fileEncoding = 4; lastKnownFileType = sourcecode.c.objc; path = GCDWebServerFileResponse.m; sourceTree = "<group>"; };
		D88C2FEB2606C10C00E815CA /* GCDWebServerDataResponse.m */ = {isa = PBXFileReference; fileEncoding = 4; lastKnownFileType = sourcecode.c.objc; path = GCDWebServerDataResponse.m; sourceTree = "<group>"; };
		D88C2FEC2606C10C00E815CA /* GCDWebServerErrorResponse.h */ = {isa = PBXFileReference; fileEncoding = 4; lastKnownFileType = sourcecode.c.h; path = GCDWebServerErrorResponse.h; sourceTree = "<group>"; };
		D88C2FED2606C10C00E815CA /* GCDWebServerStreamedResponse.m */ = {isa = PBXFileReference; fileEncoding = 4; lastKnownFileType = sourcecode.c.objc; path = GCDWebServerStreamedResponse.m; sourceTree = "<group>"; };
		D88C2FEF2606C10C00E815CA /* GCDWebServerDataRequest.h */ = {isa = PBXFileReference; fileEncoding = 4; lastKnownFileType = sourcecode.c.h; path = GCDWebServerDataRequest.h; sourceTree = "<group>"; };
		D88C2FF02606C10C00E815CA /* GCDWebServerMultiPartFormRequest.h */ = {isa = PBXFileReference; fileEncoding = 4; lastKnownFileType = sourcecode.c.h; path = GCDWebServerMultiPartFormRequest.h; sourceTree = "<group>"; };
		D88C2FF12606C10C00E815CA /* GCDWebServerFileRequest.h */ = {isa = PBXFileReference; fileEncoding = 4; lastKnownFileType = sourcecode.c.h; path = GCDWebServerFileRequest.h; sourceTree = "<group>"; };
		D88C2FF22606C10C00E815CA /* GCDWebServerURLEncodedFormRequest.m */ = {isa = PBXFileReference; fileEncoding = 4; lastKnownFileType = sourcecode.c.objc; path = GCDWebServerURLEncodedFormRequest.m; sourceTree = "<group>"; };
		D88C2FF32606C10C00E815CA /* GCDWebServerMultiPartFormRequest.m */ = {isa = PBXFileReference; fileEncoding = 4; lastKnownFileType = sourcecode.c.objc; path = GCDWebServerMultiPartFormRequest.m; sourceTree = "<group>"; };
		D88C2FF42606C10C00E815CA /* GCDWebServerDataRequest.m */ = {isa = PBXFileReference; fileEncoding = 4; lastKnownFileType = sourcecode.c.objc; path = GCDWebServerDataRequest.m; sourceTree = "<group>"; };
		D88C2FF52606C10C00E815CA /* GCDWebServerFileRequest.m */ = {isa = PBXFileReference; fileEncoding = 4; lastKnownFileType = sourcecode.c.objc; path = GCDWebServerFileRequest.m; sourceTree = "<group>"; };
		D88C2FF62606C10C00E815CA /* GCDWebServerURLEncodedFormRequest.h */ = {isa = PBXFileReference; fileEncoding = 4; lastKnownFileType = sourcecode.c.h; path = GCDWebServerURLEncodedFormRequest.h; sourceTree = "<group>"; };
		D88C30052607ED6900E815CA /* CorsProxy.swift */ = {isa = PBXFileReference; lastKnownFileType = sourcecode.swift; path = CorsProxy.swift; sourceTree = "<group>"; };
/* End PBXFileReference section */

/* Begin PBXFrameworksBuildPhase section */
		D804B74D26054D4800223736 /* Frameworks */ = {
			isa = PBXFrameworksBuildPhase;
			buildActionMask = 2147483647;
			files = (
			);
			runOnlyForDeploymentPostprocessing = 0;
		};
/* End PBXFrameworksBuildPhase section */

/* Begin PBXGroup section */
		D804B74726054D4800223736 = {
			isa = PBXGroup;
			children = (
				D804B75226054D4900223736 /* CookiePrimer */,
				D804B75126054D4900223736 /* Products */,
				D88C2FC12606954400E815CA /* Frameworks */,
			);
			sourceTree = "<group>";
		};
		D804B75126054D4900223736 /* Products */ = {
			isa = PBXGroup;
			children = (
				D804B75026054D4900223736 /* CookiePrimer.app */,
			);
			name = Products;
			sourceTree = "<group>";
		};
		D804B75226054D4900223736 /* CookiePrimer */ = {
			isa = PBXGroup;
			children = (
				D88C2FD72606C10C00E815CA /* GCDWebServer */,
				D88C2FD52606A26200E815CA /* Web */,
				D88C2FCA26069EF700E815CA /* CookiePrimer-Bridging-Header.h */,
				D804B75326054D4900223736 /* AppDelegate.swift */,
				D804B76726055B3200223736 /* WebViewController.swift */,
				D88C30052607ED6900E815CA /* CorsProxy.swift */,
				D804B76E26056AF700223736 /* WebViewController.storyboard */,
				D804B75E26054D8500223736 /* LaunchScreen.storyboard */,
				D804B75926054D8400223736 /* Assets.xcassets */,
				D804B76126054D8500223736 /* Info.plist */,
				D804B75B26054D8500223736 /* Preview Content */,
			);
			path = CookiePrimer;
			sourceTree = "<group>";
		};
		D804B75B26054D8500223736 /* Preview Content */ = {
			isa = PBXGroup;
			children = (
				D804B75C26054D8500223736 /* Preview Assets.xcassets */,
			);
			path = "Preview Content";
			sourceTree = "<group>";
		};
		D88C2FC12606954400E815CA /* Frameworks */ = {
			isa = PBXGroup;
			children = (
				D88C2FC22606954400E815CA /* GCDWebServer */,
			);
			name = Frameworks;
			sourceTree = "<group>";
		};
		D88C2FD72606C10C00E815CA /* GCDWebServer */ = {
			isa = PBXGroup;
			children = (
				D88C2FD82606C10C00E815CA /* Core */,
				D88C2FE52606C10C00E815CA /* Responses */,
				D88C2FEE2606C10C00E815CA /* Requests */,
			);
			path = GCDWebServer;
			sourceTree = "<group>";
		};
		D88C2FD82606C10C00E815CA /* Core */ = {
			isa = PBXGroup;
			children = (
				D88C2FD92606C10C00E815CA /* GCDWebServerFunctions.h */,
				D88C2FDA2606C10C00E815CA /* GCDWebServerPrivate.h */,
				D88C2FDB2606C10C00E815CA /* GCDWebServerResponse.m */,
				D88C2FDC2606C10C00E815CA /* GCDWebServerConnection.h */,
				D88C2FDD2606C10C00E815CA /* GCDWebServer.h */,
				D88C2FDE2606C10C00E815CA /* GCDWebServerRequest.m */,
				D88C2FDF2606C10C00E815CA /* GCDWebServerHTTPStatusCodes.h */,
				D88C2FE02606C10C00E815CA /* GCDWebServerResponse.h */,
				D88C2FE12606C10C00E815CA /* GCDWebServerFunctions.m */,
				D88C2FE22606C10C00E815CA /* GCDWebServer.m */,
				D88C2FE32606C10C00E815CA /* GCDWebServerConnection.m */,
				D88C2FE42606C10C00E815CA /* GCDWebServerRequest.h */,
			);
			path = Core;
			sourceTree = "<group>";
		};
		D88C2FE52606C10C00E815CA /* Responses */ = {
			isa = PBXGroup;
			children = (
				D88C2FE62606C10C00E815CA /* GCDWebServerFileResponse.h */,
				D88C2FE72606C10C00E815CA /* GCDWebServerStreamedResponse.h */,
				D88C2FE82606C10C00E815CA /* GCDWebServerErrorResponse.m */,
				D88C2FE92606C10C00E815CA /* GCDWebServerDataResponse.h */,
				D88C2FEA2606C10C00E815CA /* GCDWebServerFileResponse.m */,
				D88C2FEB2606C10C00E815CA /* GCDWebServerDataResponse.m */,
				D88C2FEC2606C10C00E815CA /* GCDWebServerErrorResponse.h */,
				D88C2FED2606C10C00E815CA /* GCDWebServerStreamedResponse.m */,
			);
			path = Responses;
			sourceTree = "<group>";
		};
		D88C2FEE2606C10C00E815CA /* Requests */ = {
			isa = PBXGroup;
			children = (
				D88C2FEF2606C10C00E815CA /* GCDWebServerDataRequest.h */,
				D88C2FF02606C10C00E815CA /* GCDWebServerMultiPartFormRequest.h */,
				D88C2FF12606C10C00E815CA /* GCDWebServerFileRequest.h */,
				D88C2FF22606C10C00E815CA /* GCDWebServerURLEncodedFormRequest.m */,
				D88C2FF32606C10C00E815CA /* GCDWebServerMultiPartFormRequest.m */,
				D88C2FF42606C10C00E815CA /* GCDWebServerDataRequest.m */,
				D88C2FF52606C10C00E815CA /* GCDWebServerFileRequest.m */,
				D88C2FF62606C10C00E815CA /* GCDWebServerURLEncodedFormRequest.h */,
			);
			path = Requests;
			sourceTree = "<group>";
		};
/* End PBXGroup section */

/* Begin PBXNativeTarget section */
		D804B74F26054D4800223736 /* CookiePrimer */ = {
			isa = PBXNativeTarget;
			buildConfigurationList = D804B76426054D8500223736 /* Build configuration list for PBXNativeTarget "CookiePrimer" */;
			buildPhases = (
				D804B74C26054D4800223736 /* Sources */,
				D804B74D26054D4800223736 /* Frameworks */,
				D804B74E26054D4800223736 /* Resources */,
			);
			buildRules = (
			);
			dependencies = (
			);
			name = CookiePrimer;
			productName = CookiePrimer;
			productReference = D804B75026054D4900223736 /* CookiePrimer.app */;
			productType = "com.apple.product-type.application";
		};
/* End PBXNativeTarget section */

/* Begin PBXProject section */
		D804B74826054D4800223736 /* Project object */ = {
			isa = PBXProject;
			attributes = {
				LastSwiftUpdateCheck = 1150;
				LastUpgradeCheck = 1150;
				ORGANIZATIONNAME = "Andrei Pietrușel";
				TargetAttributes = {
					D804B74F26054D4800223736 = {
						CreatedOnToolsVersion = 11.5;
					};
				};
			};
			buildConfigurationList = D804B74B26054D4800223736 /* Build configuration list for PBXProject "CookiePrimer" */;
			compatibilityVersion = "Xcode 9.3";
			developmentRegion = en;
			hasScannedForEncodings = 0;
			knownRegions = (
				en,
				Base,
			);
			mainGroup = D804B74726054D4800223736;
			productRefGroup = D804B75126054D4900223736 /* Products */;
			projectDirPath = "";
			projectRoot = "";
			targets = (
				D804B74F26054D4800223736 /* CookiePrimer */,
			);
		};
/* End PBXProject section */

/* Begin PBXResourcesBuildPhase section */
		D804B74E26054D4800223736 /* Resources */ = {
			isa = PBXResourcesBuildPhase;
			buildActionMask = 2147483647;
			files = (
				D804B76026054D8500223736 /* LaunchScreen.storyboard in Resources */,
				D88C30042606C44900E815CA /* Web in Resources */,
				D804B75D26054D8500223736 /* Preview Assets.xcassets in Resources */,
				D804B75A26054D8400223736 /* Assets.xcassets in Resources */,
				D804B76F26056AF700223736 /* WebViewController.storyboard in Resources */,
			);
			runOnlyForDeploymentPostprocessing = 0;
		};
/* End PBXResourcesBuildPhase section */

/* Begin PBXSourcesBuildPhase section */
		D804B74C26054D4800223736 /* Sources */ = {
			isa = PBXSourcesBuildPhase;
			buildActionMask = 2147483647;
			files = (
				D88C30022606C10C00E815CA /* GCDWebServerDataRequest.m in Sources */,
				D88C2FF82606C10C00E815CA /* GCDWebServerRequest.m in Sources */,
				D88C2FFB2606C10C00E815CA /* GCDWebServerConnection.m in Sources */,
				D88C30062607ED6900E815CA /* CorsProxy.swift in Sources */,
				D88C30012606C10C00E815CA /* GCDWebServerMultiPartFormRequest.m in Sources */,
				D88C2FFC2606C10C00E815CA /* GCDWebServerErrorResponse.m in Sources */,
				D88C2FF92606C10C00E815CA /* GCDWebServerFunctions.m in Sources */,
				D88C2FFA2606C10C00E815CA /* GCDWebServer.m in Sources */,
				D804B76826055B3200223736 /* WebViewController.swift in Sources */,
				D804B75426054D4900223736 /* AppDelegate.swift in Sources */,
				D88C30002606C10C00E815CA /* GCDWebServerURLEncodedFormRequest.m in Sources */,
				D88C2FFE2606C10C00E815CA /* GCDWebServerDataResponse.m in Sources */,
				D88C30032606C10C00E815CA /* GCDWebServerFileRequest.m in Sources */,
				D88C2FFD2606C10C00E815CA /* GCDWebServerFileResponse.m in Sources */,
				D88C2FFF2606C10C00E815CA /* GCDWebServerStreamedResponse.m in Sources */,
				D88C2FF72606C10C00E815CA /* GCDWebServerResponse.m in Sources */,
			);
			runOnlyForDeploymentPostprocessing = 0;
		};
/* End PBXSourcesBuildPhase section */

/* Begin PBXVariantGroup section */
		D804B75E26054D8500223736 /* LaunchScreen.storyboard */ = {
			isa = PBXVariantGroup;
			children = (
				D804B75F26054D8500223736 /* Base */,
			);
			name = LaunchScreen.storyboard;
			sourceTree = "<group>";
		};
/* End PBXVariantGroup section */

/* Begin XCBuildConfiguration section */
		D804B76226054D8500223736 /* Debug */ = {
			isa = XCBuildConfiguration;
			buildSettings = {
				ALWAYS_SEARCH_USER_PATHS = NO;
				CLANG_ANALYZER_NONNULL = YES;
				CLANG_ANALYZER_NUMBER_OBJECT_CONVERSION = YES_AGGRESSIVE;
				CLANG_CXX_LANGUAGE_STANDARD = "gnu++14";
				CLANG_CXX_LIBRARY = "libc++";
				CLANG_ENABLE_MODULES = YES;
				CLANG_ENABLE_OBJC_ARC = YES;
				CLANG_ENABLE_OBJC_WEAK = YES;
				CLANG_WARN_BLOCK_CAPTURE_AUTORELEASING = YES;
				CLANG_WARN_BOOL_CONVERSION = YES;
				CLANG_WARN_COMMA = YES;
				CLANG_WARN_CONSTANT_CONVERSION = YES;
				CLANG_WARN_DEPRECATED_OBJC_IMPLEMENTATIONS = YES;
				CLANG_WARN_DIRECT_OBJC_ISA_USAGE = YES_ERROR;
				CLANG_WARN_DOCUMENTATION_COMMENTS = YES;
				CLANG_WARN_EMPTY_BODY = YES;
				CLANG_WARN_ENUM_CONVERSION = YES;
				CLANG_WARN_INFINITE_RECURSION = YES;
				CLANG_WARN_INT_CONVERSION = YES;
				CLANG_WARN_NON_LITERAL_NULL_CONVERSION = YES;
				CLANG_WARN_OBJC_IMPLICIT_RETAIN_SELF = YES;
				CLANG_WARN_OBJC_LITERAL_CONVERSION = YES;
				CLANG_WARN_OBJC_ROOT_CLASS = YES_ERROR;
				CLANG_WARN_RANGE_LOOP_ANALYSIS = YES;
				CLANG_WARN_STRICT_PROTOTYPES = YES;
				CLANG_WARN_SUSPICIOUS_MOVE = YES;
				CLANG_WARN_UNGUARDED_AVAILABILITY = YES_AGGRESSIVE;
				CLANG_WARN_UNREACHABLE_CODE = YES;
				CLANG_WARN__DUPLICATE_METHOD_MATCH = YES;
				COPY_PHASE_STRIP = NO;
				DEBUG_INFORMATION_FORMAT = dwarf;
				ENABLE_STRICT_OBJC_MSGSEND = YES;
				ENABLE_TESTABILITY = YES;
				GCC_C_LANGUAGE_STANDARD = gnu11;
				GCC_DYNAMIC_NO_PIC = NO;
				GCC_NO_COMMON_BLOCKS = YES;
				GCC_OPTIMIZATION_LEVEL = 0;
				GCC_PREPROCESSOR_DEFINITIONS = (
					"DEBUG=1",
					"$(inherited)",
				);
				GCC_WARN_64_TO_32_BIT_CONVERSION = YES;
				GCC_WARN_ABOUT_RETURN_TYPE = YES_ERROR;
				GCC_WARN_UNDECLARED_SELECTOR = YES;
				GCC_WARN_UNINITIALIZED_AUTOS = YES_AGGRESSIVE;
				GCC_WARN_UNUSED_FUNCTION = YES;
				GCC_WARN_UNUSED_VARIABLE = YES;
				IPHONEOS_DEPLOYMENT_TARGET = 11.4;
				MTL_ENABLE_DEBUG_INFO = INCLUDE_SOURCE;
				MTL_FAST_MATH = YES;
				ONLY_ACTIVE_ARCH = YES;
				SDKROOT = iphoneos;
				SWIFT_ACTIVE_COMPILATION_CONDITIONS = DEBUG;
				SWIFT_OPTIMIZATION_LEVEL = "-Onone";
			};
			name = Debug;
		};
		D804B76326054D8500223736 /* Release */ = {
			isa = XCBuildConfiguration;
			buildSettings = {
				ALWAYS_SEARCH_USER_PATHS = NO;
				CLANG_ANALYZER_NONNULL = YES;
				CLANG_ANALYZER_NUMBER_OBJECT_CONVERSION = YES_AGGRESSIVE;
				CLANG_CXX_LANGUAGE_STANDARD = "gnu++14";
				CLANG_CXX_LIBRARY = "libc++";
				CLANG_ENABLE_MODULES = YES;
				CLANG_ENABLE_OBJC_ARC = YES;
				CLANG_ENABLE_OBJC_WEAK = YES;
				CLANG_WARN_BLOCK_CAPTURE_AUTORELEASING = YES;
				CLANG_WARN_BOOL_CONVERSION = YES;
				CLANG_WARN_COMMA = YES;
				CLANG_WARN_CONSTANT_CONVERSION = YES;
				CLANG_WARN_DEPRECATED_OBJC_IMPLEMENTATIONS = YES;
				CLANG_WARN_DIRECT_OBJC_ISA_USAGE = YES_ERROR;
				CLANG_WARN_DOCUMENTATION_COMMENTS = YES;
				CLANG_WARN_EMPTY_BODY = YES;
				CLANG_WARN_ENUM_CONVERSION = YES;
				CLANG_WARN_INFINITE_RECURSION = YES;
				CLANG_WARN_INT_CONVERSION = YES;
				CLANG_WARN_NON_LITERAL_NULL_CONVERSION = YES;
				CLANG_WARN_OBJC_IMPLICIT_RETAIN_SELF = YES;
				CLANG_WARN_OBJC_LITERAL_CONVERSION = YES;
				CLANG_WARN_OBJC_ROOT_CLASS = YES_ERROR;
				CLANG_WARN_RANGE_LOOP_ANALYSIS = YES;
				CLANG_WARN_STRICT_PROTOTYPES = YES;
				CLANG_WARN_SUSPICIOUS_MOVE = YES;
				CLANG_WARN_UNGUARDED_AVAILABILITY = YES_AGGRESSIVE;
				CLANG_WARN_UNREACHABLE_CODE = YES;
				CLANG_WARN__DUPLICATE_METHOD_MATCH = YES;
				COPY_PHASE_STRIP = NO;
				DEBUG_INFORMATION_FORMAT = "dwarf-with-dsym";
				ENABLE_NS_ASSERTIONS = NO;
				ENABLE_STRICT_OBJC_MSGSEND = YES;
				GCC_C_LANGUAGE_STANDARD = gnu11;
				GCC_NO_COMMON_BLOCKS = YES;
				GCC_WARN_64_TO_32_BIT_CONVERSION = YES;
				GCC_WARN_ABOUT_RETURN_TYPE = YES_ERROR;
				GCC_WARN_UNDECLARED_SELECTOR = YES;
				GCC_WARN_UNINITIALIZED_AUTOS = YES_AGGRESSIVE;
				GCC_WARN_UNUSED_FUNCTION = YES;
				GCC_WARN_UNUSED_VARIABLE = YES;
				IPHONEOS_DEPLOYMENT_TARGET = 11.4;
				MTL_ENABLE_DEBUG_INFO = NO;
				MTL_FAST_MATH = YES;
				SDKROOT = iphoneos;
				SWIFT_COMPILATION_MODE = wholemodule;
				SWIFT_OPTIMIZATION_LEVEL = "-O";
				VALIDATE_PRODUCT = YES;
			};
			name = Release;
		};
		D804B76526054D8500223736 /* Debug */ = {
			isa = XCBuildConfiguration;
			buildSettings = {
				ASSETCATALOG_COMPILER_APPICON_NAME = AppIcon;
				CODE_SIGN_STYLE = Automatic;
				DEVELOPMENT_ASSET_PATHS = "\"CookiePrimer/Preview Content\"";
				DEVELOPMENT_TEAM = SM9F7XM673;
				ENABLE_PREVIEWS = YES;
				INFOPLIST_FILE = CookiePrimer/Info.plist;
				LD_RUNPATH_SEARCH_PATHS = (
					"$(inherited)",
					"@executable_path/Frameworks",
				);
				PRODUCT_BUNDLE_IDENTIFIER = ro.darkindy.CookiePrimer;
				PRODUCT_NAME = "$(TARGET_NAME)";
				SWIFT_OBJC_BRIDGING_HEADER = "$(SRCROOT)/CookiePrimer/CookiePrimer-Bridging-Header.h";
				SWIFT_VERSION = 5.0;
				TARGETED_DEVICE_FAMILY = "1,2";
			};
			name = Debug;
		};
		D804B76626054D8500223736 /* Release */ = {
			isa = XCBuildConfiguration;
			buildSettings = {
				ASSETCATALOG_COMPILER_APPICON_NAME = AppIcon;
				CODE_SIGN_STYLE = Automatic;
				DEVELOPMENT_ASSET_PATHS = "\"CookiePrimer/Preview Content\"";
				DEVELOPMENT_TEAM = SM9F7XM673;
				ENABLE_PREVIEWS = YES;
				INFOPLIST_FILE = CookiePrimer/Info.plist;
				LD_RUNPATH_SEARCH_PATHS = (
					"$(inherited)",
					"@executable_path/Frameworks",
				);
				PRODUCT_BUNDLE_IDENTIFIER = ro.darkindy.CookiePrimer;
				PRODUCT_NAME = "$(TARGET_NAME)";
				SWIFT_OBJC_BRIDGING_HEADER = "$(SRCROOT)/CookiePrimer/CookiePrimer-Bridging-Header.h";
				SWIFT_VERSION = 5.0;
				TARGETED_DEVICE_FAMILY = "1,2";
			};
			name = Release;
		};
/* End XCBuildConfiguration section */

/* Begin XCConfigurationList section */
		D804B74B26054D4800223736 /* Build configuration list for PBXProject "CookiePrimer" */ = {
			isa = XCConfigurationList;
			buildConfigurations = (
				D804B76226054D8500223736 /* Debug */,
				D804B76326054D8500223736 /* Release */,
			);
			defaultConfigurationIsVisible = 0;
			defaultConfigurationName = Release;
		};
		D804B76426054D8500223736 /* Build configuration list for PBXNativeTarget "CookiePrimer" */ = {
			isa = XCConfigurationList;
			buildConfigurations = (
				D804B76526054D8500223736 /* Debug */,
				D804B76626054D8500223736 /* Release */,
			);
			defaultConfigurationIsVisible = 0;
			defaultConfigurationName = Release;
		};
/* End XCConfigurationList section */
	};
	rootObject = D804B74826054D4800223736 /* Project object */;
}
